
Microsoft Visual Studio Solution File, Format Version 12.00
# Visual Studio Version 16
VisualStudioVersion = 16.0.29613.14
MinimumVisualStudioVersion = 10.0.40219.1
Project("{FAE04EC0-301F-11D3-BF4B-00C04F79EFBC}") = "DesignPattern", "DesignPattern\DesignPattern.csproj", "{DB2344E4-16DE-4D3C-8618-62AAB0D73148}"
EndProject
Global
	GlobalSection(SolutionConfigurationPlatforms) = preSolution
		Debug|Any CPU = Debug|Any CPU
		Release|Any CPU = Release|Any CPU
	EndGlobalSection
	GlobalSection(ProjectConfigurationPlatforms) = postSolution
		{DB2344E4-16DE-4D3C-8618-62AAB0D73148}.Debug|Any CPU.ActiveCfg = Debug|Any CPU
		{DB2344E4-16DE-4D3C-8618-62AAB0D73148}.Debug|Any CPU.Build.0 = Debug|Any CPU
		{DB2344E4-16DE-4D3C-8618-62AAB0D73148}.Release|Any CPU.ActiveCfg = Release|Any CPU
		{DB2344E4-16DE-4D3C-8618-62AAB0D73148}.Release|Any CPU.Build.0 = Release|Any CPU
	EndGlobalSection
	GlobalSection(SolutionProperties) = preSolution
		HideSolutionNode = FALSE
	EndGlobalSection
	GlobalSection(ExtensibilityGlobals) = postSolution
		SolutionGuid = {1DFD5984-2566-437B-B668-9FE95F5B2BF1}
	EndGlobalSection
EndGlobal
