
Microsoft Visual Studio Solution File, Format Version 12.00
# Visual Studio Version 16
VisualStudioVersion = 16.0.29326.143
MinimumVisualStudioVersion = 10.0.40219.1
Project("{FAE04EC0-301F-11D3-BF4B-00C04F79EFBC}") = "TestGitSolution", "TestGitSolution\TestGitSolution.csproj", "{252E2C69-817B-4672-AD5C-3D2365CF623B}"
EndProject
Global
	GlobalSection(SolutionConfigurationPlatforms) = preSolution
		Debug|Any CPU = Debug|Any CPU
		Release|Any CPU = Release|Any CPU
	EndGlobalSection
	GlobalSection(ProjectConfigurationPlatforms) = postSolution
		{252E2C69-817B-4672-AD5C-3D2365CF623B}.Debug|Any CPU.ActiveCfg = Debug|Any CPU
		{252E2C69-817B-4672-AD5C-3D2365CF623B}.Debug|Any CPU.Build.0 = Debug|Any CPU
		{252E2C69-817B-4672-AD5C-3D2365CF623B}.Release|Any CPU.ActiveCfg = Release|Any CPU
		{252E2C69-817B-4672-AD5C-3D2365CF623B}.Release|Any CPU.Build.0 = Release|Any CPU
	EndGlobalSection
	GlobalSection(SolutionProperties) = preSolution
		HideSolutionNode = FALSE
	EndGlobalSection
	GlobalSection(ExtensibilityGlobals) = postSolution
		SolutionGuid = {BC386203-9B0B-431C-B573-159BC6BE0FA8}
	EndGlobalSection
EndGlobal
